
Microsoft Visual Studio Solution File, Format Version 12.00
# Visual Studio Version 17
VisualStudioVersion = 17.12.35707.178
MinimumVisualStudioVersion = 10.0.40219.1
Project("{2150E333-8FDC-42A3-9474-1A3956D46DE8}") = "src", "src", "{BFA2BF45-CBE8-4CAC-BB1D-FDD24369E355}"
EndProject
Project("{FAE04EC0-301F-11D3-BF4B-00C04F79EFBC}") = "Domain.Layer", "Domain.Layer\Domain.Layer.csproj", "{D275A6D7-AF21-422D-AABB-66B893DA43BE}"
EndProject
Project("{FAE04EC0-301F-11D3-BF4B-00C04F79EFBC}") = "Application.Layer", "Application.Layer\Application.Layer.csproj", "{FC4AB178-A299-4734-8F0A-B933C28222A9}"
EndProject
Project("{FAE04EC0-301F-11D3-BF4B-00C04F79EFBC}") = "Infrastructure.Layer", "Infrastructure.Layer\Infrastructure.Layer.csproj", "{B10DA6A6-5EFA-4989-A95D-5A1D0FC18135}"
EndProject
Project("{FAE04EC0-301F-11D3-BF4B-00C04F79EFBC}") = "Presentation.Layer", "Presentation.Layer\Presentation.Layer.csproj", "{FB5CBB9E-709C-45BD-9F70-A54C7A2C0E87}"
EndProject
Project("{FAE04EC0-301F-11D3-BF4B-00C04F79EFBC}") = "WebAPI", "WebAPI\WebAPI.csproj", "{58B0C836-ADB4-433C-AE79-5CCF6024DF63}"
EndProject
Project("{2150E333-8FDC-42A3-9474-1A3956D46DE8}") = "Core", "Core", "{408BD630-D275-4854-9E4B-3CC1CDADF09A}"
EndProject
Project("{2150E333-8FDC-42A3-9474-1A3956D46DE8}") = "External", "External", "{B6B2949D-FE46-4EDE-81A4-1BE7C058882D}"
EndProject
Project("{2150E333-8FDC-42A3-9474-1A3956D46DE8}") = "test", "test", "{C0024D31-2A8C-4E35-B0BC-6C5D2A136B7D}"
EndProject
Global
	GlobalSection(SolutionConfigurationPlatforms) = preSolution
		Debug|Any CPU = Debug|Any CPU
		Release|Any CPU = Release|Any CPU
	EndGlobalSection
	GlobalSection(ProjectConfigurationPlatforms) = postSolution
		{D275A6D7-AF21-422D-AABB-66B893DA43BE}.Debug|Any CPU.ActiveCfg = Debug|Any CPU
		{D275A6D7-AF21-422D-AABB-66B893DA43BE}.Debug|Any CPU.Build.0 = Debug|Any CPU
		{D275A6D7-AF21-422D-AABB-66B893DA43BE}.Release|Any CPU.ActiveCfg = Release|Any CPU
		{D275A6D7-AF21-422D-AABB-66B893DA43BE}.Release|Any CPU.Build.0 = Release|Any CPU
		{FC4AB178-A299-4734-8F0A-B933C28222A9}.Debug|Any CPU.ActiveCfg = Debug|Any CPU
		{FC4AB178-A299-4734-8F0A-B933C28222A9}.Debug|Any CPU.Build.0 = Debug|Any CPU
		{FC4AB178-A299-4734-8F0A-B933C28222A9}.Release|Any CPU.ActiveCfg = Release|Any CPU
		{FC4AB178-A299-4734-8F0A-B933C28222A9}.Release|Any CPU.Build.0 = Release|Any CPU
		{B10DA6A6-5EFA-4989-A95D-5A1D0FC18135}.Debug|Any CPU.ActiveCfg = Debug|Any CPU
		{B10DA6A6-5EFA-4989-A95D-5A1D0FC18135}.Debug|Any CPU.Build.0 = Debug|Any CPU
		{B10DA6A6-5EFA-4989-A95D-5A1D0FC18135}.Release|Any CPU.ActiveCfg = Release|Any CPU
		{B10DA6A6-5EFA-4989-A95D-5A1D0FC18135}.Release|Any CPU.Build.0 = Release|Any CPU
		{FB5CBB9E-709C-45BD-9F70-A54C7A2C0E87}.Debug|Any CPU.ActiveCfg = Debug|Any CPU
		{FB5CBB9E-709C-45BD-9F70-A54C7A2C0E87}.Debug|Any CPU.Build.0 = Debug|Any CPU
		{FB5CBB9E-709C-45BD-9F70-A54C7A2C0E87}.Release|Any CPU.ActiveCfg = Release|Any CPU
		{FB5CBB9E-709C-45BD-9F70-A54C7A2C0E87}.Release|Any CPU.Build.0 = Release|Any CPU
		{58B0C836-ADB4-433C-AE79-5CCF6024DF63}.Debug|Any CPU.ActiveCfg = Debug|Any CPU
		{58B0C836-ADB4-433C-AE79-5CCF6024DF63}.Debug|Any CPU.Build.0 = Debug|Any CPU
		{58B0C836-ADB4-433C-AE79-5CCF6024DF63}.Release|Any CPU.ActiveCfg = Release|Any CPU
		{58B0C836-ADB4-433C-AE79-5CCF6024DF63}.Release|Any CPU.Build.0 = Release|Any CPU
	EndGlobalSection
	GlobalSection(SolutionProperties) = preSolution
		HideSolutionNode = FALSE
	EndGlobalSection
	GlobalSection(NestedProjects) = preSolution
		{D275A6D7-AF21-422D-AABB-66B893DA43BE} = {408BD630-D275-4854-9E4B-3CC1CDADF09A}
		{FC4AB178-A299-4734-8F0A-B933C28222A9} = {408BD630-D275-4854-9E4B-3CC1CDADF09A}
		{B10DA6A6-5EFA-4989-A95D-5A1D0FC18135} = {B6B2949D-FE46-4EDE-81A4-1BE7C058882D}
		{FB5CBB9E-709C-45BD-9F70-A54C7A2C0E87} = {B6B2949D-FE46-4EDE-81A4-1BE7C058882D}
		{58B0C836-ADB4-433C-AE79-5CCF6024DF63} = {BFA2BF45-CBE8-4CAC-BB1D-FDD24369E355}
		{408BD630-D275-4854-9E4B-3CC1CDADF09A} = {BFA2BF45-CBE8-4CAC-BB1D-FDD24369E355}
		{B6B2949D-FE46-4EDE-81A4-1BE7C058882D} = {BFA2BF45-CBE8-4CAC-BB1D-FDD24369E355}
		{C0024D31-2A8C-4E35-B0BC-6C5D2A136B7D} = {BFA2BF45-CBE8-4CAC-BB1D-FDD24369E355}
	EndGlobalSection
EndGlobal
